
Microsoft Visual Studio Solution File, Format Version 12.00
# Visual Studio Version 16
VisualStudioVersion = 16.0.30523.141
MinimumVisualStudioVersion = 10.0.40219.1
Project("{FAE04EC0-301F-11D3-BF4B-00C04F79EFBC}") = "OnlineShop", "OnlineShop\OnlineShop.csproj", "{A120C6B3-E7D0-45AF-88C3-5D214FDCCE49}"
EndProject
Global
	GlobalSection(SolutionConfigurationPlatforms) = preSolution
		Debug|Any CPU = Debug|Any CPU
		Release|Any CPU = Release|Any CPU
	EndGlobalSection
	GlobalSection(ProjectConfigurationPlatforms) = postSolution
		{A120C6B3-E7D0-45AF-88C3-5D214FDCCE49}.Debug|Any CPU.ActiveCfg = Debug|Any CPU
		{A120C6B3-E7D0-45AF-88C3-5D214FDCCE49}.Debug|Any CPU.Build.0 = Debug|Any CPU
		{A120C6B3-E7D0-45AF-88C3-5D214FDCCE49}.Release|Any CPU.ActiveCfg = Release|Any CPU
		{A120C6B3-E7D0-45AF-88C3-5D214FDCCE49}.Release|Any CPU.Build.0 = Release|Any CPU
	EndGlobalSection
	GlobalSection(SolutionProperties) = preSolution
		HideSolutionNode = FALSE
	EndGlobalSection
	GlobalSection(ExtensibilityGlobals) = postSolution
		SolutionGuid = {6DA58A4B-7259-4729-B773-1FB74C90062D}
	EndGlobalSection
EndGlobal
